
Microsoft Visual Studio Solution File, Format Version 12.00
# Visual Studio Version 17
VisualStudioVersion = 17.14.36429.23 d17.14
MinimumVisualStudioVersion = 10.0.40219.1
Project("{FAE04EC0-301F-11D3-BF4B-00C04F79EFBC}") = "Avir1", "Avir1\Avir1.csproj", "{741CF6CC-CF05-4E59-B95A-3434E4E09AEE}"
EndProject
Global
	GlobalSection(SolutionConfigurationPlatforms) = preSolution
		Debug|Any CPU = Debug|Any CPU
		Release|Any CPU = Release|Any CPU
	EndGlobalSection
	GlobalSection(ProjectConfigurationPlatforms) = postSolution
		{741CF6CC-CF05-4E59-B95A-3434E4E09AEE}.Debug|Any CPU.ActiveCfg = Debug|Any CPU
		{741CF6CC-CF05-4E59-B95A-3434E4E09AEE}.Debug|Any CPU.Build.0 = Debug|Any CPU
		{741CF6CC-CF05-4E59-B95A-3434E4E09AEE}.Release|Any CPU.ActiveCfg = Release|Any CPU
		{741CF6CC-CF05-4E59-B95A-3434E4E09AEE}.Release|Any CPU.Build.0 = Release|Any CPU
	EndGlobalSection
	GlobalSection(SolutionProperties) = preSolution
		HideSolutionNode = FALSE
	EndGlobalSection
	GlobalSection(ExtensibilityGlobals) = postSolution
		SolutionGuid = {E1985773-661F-4A04-AFA1-A595D9D955A1}
	EndGlobalSection
EndGlobal
